// !$*UTF8*$!
{
	archiveVersion = 1;
	classes = {
	};
	objectVersion = 56;
	objects = {

/* Begin PBXBuildFile section */
		CA77776F29E6FC8F00901CBD /* PokemonCollectionViewCell.swift in Sources */ = {isa = PBXBuildFile; fileRef = CA77776E29E6FC8F00901CBD /* PokemonCollectionViewCell.swift */; };
		CA77777129E6FD0F00901CBD /* BaseCollectionViewCell.swift in Sources */ = {isa = PBXBuildFile; fileRef = CA77777029E6FD0F00901CBD /* BaseCollectionViewCell.swift */; };
		CA77777329E700B100901CBD /* ModuleBuilder.swift in Sources */ = {isa = PBXBuildFile; fileRef = CA77777229E700B100901CBD /* ModuleBuilder.swift */; };
		CA77777629E71CA900901CBD /* DataManager.swift in Sources */ = {isa = PBXBuildFile; fileRef = CA77777529E71CA900901CBD /* DataManager.swift */; };
		CA77778129E732B900901CBD /* DetailsViewController.swift in Sources */ = {isa = PBXBuildFile; fileRef = CA77778029E732B900901CBD /* DetailsViewController.swift */; };
		CA77778429E732DB00901CBD /* DetailsPresenter.swift in Sources */ = {isa = PBXBuildFile; fileRef = CA77778329E732DB00901CBD /* DetailsPresenter.swift */; };
		CA77778729E733BF00901CBD /* CustomDetailsView.swift in Sources */ = {isa = PBXBuildFile; fileRef = CA77778629E733BF00901CBD /* CustomDetailsView.swift */; };
		CAC276B929E5E571006BF348 /* AppDelegate.swift in Sources */ = {isa = PBXBuildFile; fileRef = CAC276B829E5E571006BF348 /* AppDelegate.swift */; };
		CAC276BB29E5E571006BF348 /* SceneDelegate.swift in Sources */ = {isa = PBXBuildFile; fileRef = CAC276BA29E5E571006BF348 /* SceneDelegate.swift */; };
		CAC276BD29E5E571006BF348 /* PokemonViewController.swift in Sources */ = {isa = PBXBuildFile; fileRef = CAC276BC29E5E571006BF348 /* PokemonViewController.swift */; };
		CAC276C029E5E571006BF348 /* Main.storyboard in Resources */ = {isa = PBXBuildFile; fileRef = CAC276BE29E5E571006BF348 /* Main.storyboard */; };
		CAC276C229E5E572006BF348 /* Assets.xcassets in Resources */ = {isa = PBXBuildFile; fileRef = CAC276C129E5E572006BF348 /* Assets.xcassets */; };
		CAC276C529E5E572006BF348 /* LaunchScreen.storyboard in Resources */ = {isa = PBXBuildFile; fileRef = CAC276C329E5E572006BF348 /* LaunchScreen.storyboard */; };
		CAC276D029E5E572006BF348 /* PokemonApplicationTests.swift in Sources */ = {isa = PBXBuildFile; fileRef = CAC276CF29E5E572006BF348 /* PokemonApplicationTests.swift */; };
		CAC276DA29E5E572006BF348 /* PokemonApplicationUITests.swift in Sources */ = {isa = PBXBuildFile; fileRef = CAC276D929E5E572006BF348 /* PokemonApplicationUITests.swift */; };
		CAC276DC29E5E572006BF348 /* PokemonApplicationUITestsLaunchTests.swift in Sources */ = {isa = PBXBuildFile; fileRef = CAC276DB29E5E572006BF348 /* PokemonApplicationUITestsLaunchTests.swift */; };
		CAC276ED29E5E60E006BF348 /* PokemonPresenter.swift in Sources */ = {isa = PBXBuildFile; fileRef = CAC276EC29E5E60E006BF348 /* PokemonPresenter.swift */; };
		CAC276EF29E5E6B3006BF348 /* PokemonModel.swift in Sources */ = {isa = PBXBuildFile; fileRef = CAC276EE29E5E6B3006BF348 /* PokemonModel.swift */; };
/* End PBXBuildFile section */

/* Begin PBXContainerItemProxy section */
		CAC276CC29E5E572006BF348 /* PBXContainerItemProxy */ = {
			isa = PBXContainerItemProxy;
			containerPortal = CAC276AD29E5E571006BF348 /* Project object */;
			proxyType = 1;
			remoteGlobalIDString = CAC276B429E5E571006BF348;
			remoteInfo = PokemonApplication;
		};
		CAC276D629E5E572006BF348 /* PBXContainerItemProxy */ = {
			isa = PBXContainerItemProxy;
			containerPortal = CAC276AD29E5E571006BF348 /* Project object */;
			proxyType = 1;
			remoteGlobalIDString = CAC276B429E5E571006BF348;
			remoteInfo = PokemonApplication;
		};
/* End PBXContainerItemProxy section */

/* Begin PBXFileReference section */
		CA77776E29E6FC8F00901CBD /* PokemonCollectionViewCell.swift */ = {isa = PBXFileReference; lastKnownFileType = sourcecode.swift; path = PokemonCollectionViewCell.swift; sourceTree = "<group>"; };
		CA77777029E6FD0F00901CBD /* BaseCollectionViewCell.swift */ = {isa = PBXFileReference; lastKnownFileType = sourcecode.swift; path = BaseCollectionViewCell.swift; sourceTree = "<group>"; };
		CA77777229E700B100901CBD /* ModuleBuilder.swift */ = {isa = PBXFileReference; lastKnownFileType = sourcecode.swift; path = ModuleBuilder.swift; sourceTree = "<group>"; };
		CA77777529E71CA900901CBD /* DataManager.swift */ = {isa = PBXFileReference; lastKnownFileType = sourcecode.swift; path = DataManager.swift; sourceTree = "<group>"; };
		CA77778029E732B900901CBD /* DetailsViewController.swift */ = {isa = PBXFileReference; lastKnownFileType = sourcecode.swift; path = DetailsViewController.swift; sourceTree = "<group>"; };
		CA77778329E732DB00901CBD /* DetailsPresenter.swift */ = {isa = PBXFileReference; lastKnownFileType = sourcecode.swift; path = DetailsPresenter.swift; sourceTree = "<group>"; };
		CA77778629E733BF00901CBD /* CustomDetailsView.swift */ = {isa = PBXFileReference; lastKnownFileType = sourcecode.swift; path = CustomDetailsView.swift; sourceTree = "<group>"; };
		CAC276B529E5E571006BF348 /* PokemonApplication.app */ = {isa = PBXFileReference; explicitFileType = wrapper.application; includeInIndex = 0; path = PokemonApplication.app; sourceTree = BUILT_PRODUCTS_DIR; };
		CAC276B829E5E571006BF348 /* AppDelegate.swift */ = {isa = PBXFileReference; lastKnownFileType = sourcecode.swift; path = AppDelegate.swift; sourceTree = "<group>"; };
		CAC276BA29E5E571006BF348 /* SceneDelegate.swift */ = {isa = PBXFileReference; lastKnownFileType = sourcecode.swift; path = SceneDelegate.swift; sourceTree = "<group>"; };
		CAC276BC29E5E571006BF348 /* PokemonViewController.swift */ = {isa = PBXFileReference; lastKnownFileType = sourcecode.swift; path = PokemonViewController.swift; sourceTree = "<group>"; };
		CAC276BF29E5E571006BF348 /* Base */ = {isa = PBXFileReference; lastKnownFileType = file.storyboard; name = Base; path = Base.lproj/Main.storyboard; sourceTree = "<group>"; };
		CAC276C129E5E572006BF348 /* Assets.xcassets */ = {isa = PBXFileReference; lastKnownFileType = folder.assetcatalog; path = Assets.xcassets; sourceTree = "<group>"; };
		CAC276C429E5E572006BF348 /* Base */ = {isa = PBXFileReference; lastKnownFileType = file.storyboard; name = Base; path = Base.lproj/LaunchScreen.storyboard; sourceTree = "<group>"; };
		CAC276C629E5E572006BF348 /* Info.plist */ = {isa = PBXFileReference; lastKnownFileType = text.plist.xml; path = Info.plist; sourceTree = "<group>"; };
		CAC276CB29E5E572006BF348 /* PokemonApplicationTests.xctest */ = {isa = PBXFileReference; explicitFileType = wrapper.cfbundle; includeInIndex = 0; path = PokemonApplicationTests.xctest; sourceTree = BUILT_PRODUCTS_DIR; };
		CAC276CF29E5E572006BF348 /* PokemonApplicationTests.swift */ = {isa = PBXFileReference; lastKnownFileType = sourcecode.swift; path = PokemonApplicationTests.swift; sourceTree = "<group>"; };
		CAC276D529E5E572006BF348 /* PokemonApplicationUITests.xctest */ = {isa = PBXFileReference; explicitFileType = wrapper.cfbundle; includeInIndex = 0; path = PokemonApplicationUITests.xctest; sourceTree = BUILT_PRODUCTS_DIR; };
		CAC276D929E5E572006BF348 /* PokemonApplicationUITests.swift */ = {isa = PBXFileReference; lastKnownFileType = sourcecode.swift; path = PokemonApplicationUITests.swift; sourceTree = "<group>"; };
		CAC276DB29E5E572006BF348 /* PokemonApplicationUITestsLaunchTests.swift */ = {isa = PBXFileReference; lastKnownFileType = sourcecode.swift; path = PokemonApplicationUITestsLaunchTests.swift; sourceTree = "<group>"; };
		CAC276EC29E5E60E006BF348 /* PokemonPresenter.swift */ = {isa = PBXFileReference; lastKnownFileType = sourcecode.swift; path = PokemonPresenter.swift; sourceTree = "<group>"; };
		CAC276EE29E5E6B3006BF348 /* PokemonModel.swift */ = {isa = PBXFileReference; lastKnownFileType = sourcecode.swift; path = PokemonModel.swift; sourceTree = "<group>"; };
/* End PBXFileReference section */

/* Begin PBXFrameworksBuildPhase section */
		CAC276B229E5E571006BF348 /* Frameworks */ = {
			isa = PBXFrameworksBuildPhase;
			buildActionMask = 2147483647;
			files = (
			);
			runOnlyForDeploymentPostprocessing = 0;
		};
		CAC276C829E5E572006BF348 /* Frameworks */ = {
			isa = PBXFrameworksBuildPhase;
			buildActionMask = 2147483647;
			files = (
			);
			runOnlyForDeploymentPostprocessing = 0;
		};
		CAC276D229E5E572006BF348 /* Frameworks */ = {
			isa = PBXFrameworksBuildPhase;
			buildActionMask = 2147483647;
			files = (
			);
			runOnlyForDeploymentPostprocessing = 0;
		};
/* End PBXFrameworksBuildPhase section */

/* Begin PBXGroup section */
		CA77776D29E6FC7800901CBD /* CollectionViewCell */ = {
			isa = PBXGroup;
			children = (
				CA77776E29E6FC8F00901CBD /* PokemonCollectionViewCell.swift */,
			);
			path = CollectionViewCell;
			sourceTree = "<group>";
		};
		CA77777429E7073000901CBD /* Main */ = {
			isa = PBXGroup;
			children = (
				CA77777229E700B100901CBD /* ModuleBuilder.swift */,
				CA77777029E6FD0F00901CBD /* BaseCollectionViewCell.swift */,
			);
			path = Main;
			sourceTree = "<group>";
		};
		CA77777729E71CB200901CBD /* DataManager */ = {
			isa = PBXGroup;
			children = (
				CA77777529E71CA900901CBD /* DataManager.swift */,
			);
			path = DataManager;
			sourceTree = "<group>";
		};
		CA77777F29E7327A00901CBD /* DetailsModule */ = {
			isa = PBXGroup;
			children = (
				CA77778229E732BC00901CBD /* View */,
				CA77778529E732DE00901CBD /* Presenter */,
			);
			path = DetailsModule;
			sourceTree = "<group>";
		};
		CA77778229E732BC00901CBD /* View */ = {
			isa = PBXGroup;
			children = (
				CA77778029E732B900901CBD /* DetailsViewController.swift */,
				CA77778629E733BF00901CBD /* CustomDetailsView.swift */,
			);
			path = View;
			sourceTree = "<group>";
		};
		CA77778529E732DE00901CBD /* Presenter */ = {
			isa = PBXGroup;
			children = (
				CA77778329E732DB00901CBD /* DetailsPresenter.swift */,
			);
			path = Presenter;
			sourceTree = "<group>";
		};
		CAC276AC29E5E571006BF348 = {
			isa = PBXGroup;
			children = (
				CAC276B729E5E571006BF348 /* PokemonApplication */,
				CAC276CE29E5E572006BF348 /* PokemonApplicationTests */,
				CAC276D829E5E572006BF348 /* PokemonApplicationUITests */,
				CAC276B629E5E571006BF348 /* Products */,
			);
			sourceTree = "<group>";
		};
		CAC276B629E5E571006BF348 /* Products */ = {
			isa = PBXGroup;
			children = (
				CAC276B529E5E571006BF348 /* PokemonApplication.app */,
				CAC276CB29E5E572006BF348 /* PokemonApplicationTests.xctest */,
				CAC276D529E5E572006BF348 /* PokemonApplicationUITests.xctest */,
			);
			name = Products;
			sourceTree = "<group>";
		};
		CAC276B729E5E571006BF348 /* PokemonApplication */ = {
			isa = PBXGroup;
			children = (
				CAC276B829E5E571006BF348 /* AppDelegate.swift */,
				CAC276BA29E5E571006BF348 /* SceneDelegate.swift */,
				CA77777729E71CB200901CBD /* DataManager */,
				CA77777429E7073000901CBD /* Main */,
				CA77777F29E7327A00901CBD /* DetailsModule */,
				CAC276E829E5E5BE006BF348 /* PokemonModule */,
				CAC276BE29E5E571006BF348 /* Main.storyboard */,
				CAC276C129E5E572006BF348 /* Assets.xcassets */,
				CAC276C329E5E572006BF348 /* LaunchScreen.storyboard */,
				CAC276C629E5E572006BF348 /* Info.plist */,
			);
			path = PokemonApplication;
			sourceTree = "<group>";
		};
		CAC276CE29E5E572006BF348 /* PokemonApplicationTests */ = {
			isa = PBXGroup;
			children = (
				CAC276CF29E5E572006BF348 /* PokemonApplicationTests.swift */,
			);
			path = PokemonApplicationTests;
			sourceTree = "<group>";
		};
		CAC276D829E5E572006BF348 /* PokemonApplicationUITests */ = {
			isa = PBXGroup;
			children = (
				CAC276D929E5E572006BF348 /* PokemonApplicationUITests.swift */,
				CAC276DB29E5E572006BF348 /* PokemonApplicationUITestsLaunchTests.swift */,
			);
			path = PokemonApplicationUITests;
			sourceTree = "<group>";
		};
		CAC276E829E5E5BE006BF348 /* PokemonModule */ = {
			isa = PBXGroup;
			children = (
				CAC276E929E5E5DA006BF348 /* View */,
				CAC276EB29E5E5EA006BF348 /* Presenter */,
				CAC276EA29E5E5E0006BF348 /* Model */,
			);
			path = PokemonModule;
			sourceTree = "<group>";
		};
		CAC276E929E5E5DA006BF348 /* View */ = {
			isa = PBXGroup;
			children = (
				CAC276BC29E5E571006BF348 /* PokemonViewController.swift */,
				CA77776D29E6FC7800901CBD /* CollectionViewCell */,
			);
			path = View;
			sourceTree = "<group>";
		};
		CAC276EA29E5E5E0006BF348 /* Model */ = {
			isa = PBXGroup;
			children = (
				CAC276EE29E5E6B3006BF348 /* PokemonModel.swift */,
			);
			path = Model;
			sourceTree = "<group>";
		};
		CAC276EB29E5E5EA006BF348 /* Presenter */ = {
			isa = PBXGroup;
			children = (
				CAC276EC29E5E60E006BF348 /* PokemonPresenter.swift */,
			);
			path = Presenter;
			sourceTree = "<group>";
		};
/* End PBXGroup section */

/* Begin PBXNativeTarget section */
		CAC276B429E5E571006BF348 /* PokemonApplication */ = {
			isa = PBXNativeTarget;
			buildConfigurationList = CAC276DF29E5E572006BF348 /* Build configuration list for PBXNativeTarget "PokemonApplication" */;
			buildPhases = (
				CAC276B129E5E571006BF348 /* Sources */,
				CAC276B229E5E571006BF348 /* Frameworks */,
				CAC276B329E5E571006BF348 /* Resources */,
			);
			buildRules = (
			);
			dependencies = (
			);
			name = PokemonApplication;
			productName = PokemonApplication;
			productReference = CAC276B529E5E571006BF348 /* PokemonApplication.app */;
			productType = "com.apple.product-type.application";
		};
		CAC276CA29E5E572006BF348 /* PokemonApplicationTests */ = {
			isa = PBXNativeTarget;
			buildConfigurationList = CAC276E229E5E572006BF348 /* Build configuration list for PBXNativeTarget "PokemonApplicationTests" */;
			buildPhases = (
				CAC276C729E5E572006BF348 /* Sources */,
				CAC276C829E5E572006BF348 /* Frameworks */,
				CAC276C929E5E572006BF348 /* Resources */,
			);
			buildRules = (
			);
			dependencies = (
				CAC276CD29E5E572006BF348 /* PBXTargetDependency */,
			);
			name = PokemonApplicationTests;
			productName = PokemonApplicationTests;
			productReference = CAC276CB29E5E572006BF348 /* PokemonApplicationTests.xctest */;
			productType = "com.apple.product-type.bundle.unit-test";
		};
		CAC276D429E5E572006BF348 /* PokemonApplicationUITests */ = {
			isa = PBXNativeTarget;
			buildConfigurationList = CAC276E529E5E572006BF348 /* Build configuration list for PBXNativeTarget "PokemonApplicationUITests" */;
			buildPhases = (
				CAC276D129E5E572006BF348 /* Sources */,
				CAC276D229E5E572006BF348 /* Frameworks */,
				CAC276D329E5E572006BF348 /* Resources */,
			);
			buildRules = (
			);
			dependencies = (
				CAC276D729E5E572006BF348 /* PBXTargetDependency */,
			);
			name = PokemonApplicationUITests;
			productName = PokemonApplicationUITests;
			productReference = CAC276D529E5E572006BF348 /* PokemonApplicationUITests.xctest */;
			productType = "com.apple.product-type.bundle.ui-testing";
		};
/* End PBXNativeTarget section */

/* Begin PBXProject section */
		CAC276AD29E5E571006BF348 /* Project object */ = {
			isa = PBXProject;
			attributes = {
				BuildIndependentTargetsInParallel = 1;
				LastSwiftUpdateCheck = 1420;
				LastUpgradeCheck = 1420;
				TargetAttributes = {
					CAC276B429E5E571006BF348 = {
						CreatedOnToolsVersion = 14.2;
					};
					CAC276CA29E5E572006BF348 = {
						CreatedOnToolsVersion = 14.2;
						TestTargetID = CAC276B429E5E571006BF348;
					};
					CAC276D429E5E572006BF348 = {
						CreatedOnToolsVersion = 14.2;
						TestTargetID = CAC276B429E5E571006BF348;
					};
				};
			};
			buildConfigurationList = CAC276B029E5E571006BF348 /* Build configuration list for PBXProject "PokemonApplication" */;
			compatibilityVersion = "Xcode 14.0";
			developmentRegion = en;
			hasScannedForEncodings = 0;
			knownRegions = (
				en,
				Base,
			);
			mainGroup = CAC276AC29E5E571006BF348;
			productRefGroup = CAC276B629E5E571006BF348 /* Products */;
			projectDirPath = "";
			projectRoot = "";
			targets = (
				CAC276B429E5E571006BF348 /* PokemonApplication */,
				CAC276CA29E5E572006BF348 /* PokemonApplicationTests */,
				CAC276D429E5E572006BF348 /* PokemonApplicationUITests */,
			);
		};
/* End PBXProject section */

/* Begin PBXResourcesBuildPhase section */
		CAC276B329E5E571006BF348 /* Resources */ = {
			isa = PBXResourcesBuildPhase;
			buildActionMask = 2147483647;
			files = (
				CAC276C529E5E572006BF348 /* LaunchScreen.storyboard in Resources */,
				CAC276C229E5E572006BF348 /* Assets.xcassets in Resources */,
				CAC276C029E5E571006BF348 /* Main.storyboard in Resources */,
			);
			runOnlyForDeploymentPostprocessing = 0;
		};
		CAC276C929E5E572006BF348 /* Resources */ = {
			isa = PBXResourcesBuildPhase;
			buildActionMask = 2147483647;
			files = (
			);
			runOnlyForDeploymentPostprocessing = 0;
		};
		CAC276D329E5E572006BF348 /* Resources */ = {
			isa = PBXResourcesBuildPhase;
			buildActionMask = 2147483647;
			files = (
			);
			runOnlyForDeploymentPostprocessing = 0;
		};
/* End PBXResourcesBuildPhase section */

/* Begin PBXSourcesBuildPhase section */
		CAC276B129E5E571006BF348 /* Sources */ = {
			isa = PBXSourcesBuildPhase;
			buildActionMask = 2147483647;
			files = (
				CAC276BD29E5E571006BF348 /* PokemonViewController.swift in Sources */,
				CA77777129E6FD0F00901CBD /* BaseCollectionViewCell.swift in Sources */,
				CAC276B929E5E571006BF348 /* AppDelegate.swift in Sources */,
				CA77777329E700B100901CBD /* ModuleBuilder.swift in Sources */,
				CAC276BB29E5E571006BF348 /* SceneDelegate.swift in Sources */,
				CA77778429E732DB00901CBD /* DetailsPresenter.swift in Sources */,
				CA77778729E733BF00901CBD /* CustomDetailsView.swift in Sources */,
				CAC276EF29E5E6B3006BF348 /* PokemonModel.swift in Sources */,
				CA77776F29E6FC8F00901CBD /* PokemonCollectionViewCell.swift in Sources */,
				CA77777629E71CA900901CBD /* DataManager.swift in Sources */,
				CAC276ED29E5E60E006BF348 /* PokemonPresenter.swift in Sources */,
				CA77778129E732B900901CBD /* DetailsViewController.swift in Sources */,
			);
			runOnlyForDeploymentPostprocessing = 0;
		};
		CAC276C729E5E572006BF348 /* Sources */ = {
			isa = PBXSourcesBuildPhase;
			buildActionMask = 2147483647;
			files = (
				CAC276D029E5E572006BF348 /* PokemonApplicationTests.swift in Sources */,
			);
			runOnlyForDeploymentPostprocessing = 0;
		};
		CAC276D129E5E572006BF348 /* Sources */ = {
			isa = PBXSourcesBuildPhase;
			buildActionMask = 2147483647;
			files = (
				CAC276DA29E5E572006BF348 /* PokemonApplicationUITests.swift in Sources */,
				CAC276DC29E5E572006BF348 /* PokemonApplicationUITestsLaunchTests.swift in Sources */,
			);
			runOnlyForDeploymentPostprocessing = 0;
		};
/* End PBXSourcesBuildPhase section */

/* Begin PBXTargetDependency section */
		CAC276CD29E5E572006BF348 /* PBXTargetDependency */ = {
			isa = PBXTargetDependency;
			target = CAC276B429E5E571006BF348 /* PokemonApplication */;
			targetProxy = CAC276CC29E5E572006BF348 /* PBXContainerItemProxy */;
		};
		CAC276D729E5E572006BF348 /* PBXTargetDependency */ = {
			isa = PBXTargetDependency;
			target = CAC276B429E5E571006BF348 /* PokemonApplication */;
			targetProxy = CAC276D629E5E572006BF348 /* PBXContainerItemProxy */;
		};
/* End PBXTargetDependency section */

/* Begin PBXVariantGroup section */
		CAC276BE29E5E571006BF348 /* Main.storyboard */ = {
			isa = PBXVariantGroup;
			children = (
				CAC276BF29E5E571006BF348 /* Base */,
			);
			name = Main.storyboard;
			sourceTree = "<group>";
		};
		CAC276C329E5E572006BF348 /* LaunchScreen.storyboard */ = {
			isa = PBXVariantGroup;
			children = (
				CAC276C429E5E572006BF348 /* Base */,
			);
			name = LaunchScreen.storyboard;
			sourceTree = "<group>";
		};
/* End PBXVariantGroup section */

/* Begin XCBuildConfiguration section */
		CAC276DD29E5E572006BF348 /* Debug */ = {
			isa = XCBuildConfiguration;
			buildSettings = {
				ALWAYS_SEARCH_USER_PATHS = NO;
				CLANG_ANALYZER_NONNULL = YES;
				CLANG_ANALYZER_NUMBER_OBJECT_CONVERSION = YES_AGGRESSIVE;
				CLANG_CXX_LANGUAGE_STANDARD = "gnu++20";
				CLANG_ENABLE_MODULES = YES;
				CLANG_ENABLE_OBJC_ARC = YES;
				CLANG_ENABLE_OBJC_WEAK = YES;
				CLANG_WARN_BLOCK_CAPTURE_AUTORELEASING = YES;
				CLANG_WARN_BOOL_CONVERSION = YES;
				CLANG_WARN_COMMA = YES;
				CLANG_WARN_CONSTANT_CONVERSION = YES;
				CLANG_WARN_DEPRECATED_OBJC_IMPLEMENTATIONS = YES;
				CLANG_WARN_DIRECT_OBJC_ISA_USAGE = YES_ERROR;
				CLANG_WARN_DOCUMENTATION_COMMENTS = YES;
				CLANG_WARN_EMPTY_BODY = YES;
				CLANG_WARN_ENUM_CONVERSION = YES;
				CLANG_WARN_INFINITE_RECURSION = YES;
				CLANG_WARN_INT_CONVERSION = YES;
				CLANG_WARN_NON_LITERAL_NULL_CONVERSION = YES;
				CLANG_WARN_OBJC_IMPLICIT_RETAIN_SELF = YES;
				CLANG_WARN_OBJC_LITERAL_CONVERSION = YES;
				CLANG_WARN_OBJC_ROOT_CLASS = YES_ERROR;
				CLANG_WARN_QUOTED_INCLUDE_IN_FRAMEWORK_HEADER = YES;
				CLANG_WARN_RANGE_LOOP_ANALYSIS = YES;
				CLANG_WARN_STRICT_PROTOTYPES = YES;
				CLANG_WARN_SUSPICIOUS_MOVE = YES;
				CLANG_WARN_UNGUARDED_AVAILABILITY = YES_AGGRESSIVE;
				CLANG_WARN_UNREACHABLE_CODE = YES;
				CLANG_WARN__DUPLICATE_METHOD_MATCH = YES;
				COPY_PHASE_STRIP = NO;
				DEBUG_INFORMATION_FORMAT = dwarf;
				ENABLE_STRICT_OBJC_MSGSEND = YES;
				ENABLE_TESTABILITY = YES;
				GCC_C_LANGUAGE_STANDARD = gnu11;
				GCC_DYNAMIC_NO_PIC = NO;
				GCC_NO_COMMON_BLOCKS = YES;
				GCC_OPTIMIZATION_LEVEL = 0;
				GCC_PREPROCESSOR_DEFINITIONS = (
					"DEBUG=1",
					"$(inherited)",
				);
				GCC_WARN_64_TO_32_BIT_CONVERSION = YES;
				GCC_WARN_ABOUT_RETURN_TYPE = YES_ERROR;
				GCC_WARN_UNDECLARED_SELECTOR = YES;
				GCC_WARN_UNINITIALIZED_AUTOS = YES_AGGRESSIVE;
				GCC_WARN_UNUSED_FUNCTION = YES;
				GCC_WARN_UNUSED_VARIABLE = YES;
				IPHONEOS_DEPLOYMENT_TARGET = 16.2;
				MTL_ENABLE_DEBUG_INFO = INCLUDE_SOURCE;
				MTL_FAST_MATH = YES;
				ONLY_ACTIVE_ARCH = YES;
				SDKROOT = iphoneos;
				SWIFT_ACTIVE_COMPILATION_CONDITIONS = DEBUG;
				SWIFT_OPTIMIZATION_LEVEL = "-Onone";
			};
			name = Debug;
		};
		CAC276DE29E5E572006BF348 /* Release */ = {
			isa = XCBuildConfiguration;
			buildSettings = {
				ALWAYS_SEARCH_USER_PATHS = NO;
				CLANG_ANALYZER_NONNULL = YES;
				CLANG_ANALYZER_NUMBER_OBJECT_CONVERSION = YES_AGGRESSIVE;
				CLANG_CXX_LANGUAGE_STANDARD = "gnu++20";
				CLANG_ENABLE_MODULES = YES;
				CLANG_ENABLE_OBJC_ARC = YES;
				CLANG_ENABLE_OBJC_WEAK = YES;
				CLANG_WARN_BLOCK_CAPTURE_AUTORELEASING = YES;
				CLANG_WARN_BOOL_CONVERSION = YES;
				CLANG_WARN_COMMA = YES;
				CLANG_WARN_CONSTANT_CONVERSION = YES;
				CLANG_WARN_DEPRECATED_OBJC_IMPLEMENTATIONS = YES;
				CLANG_WARN_DIRECT_OBJC_ISA_USAGE = YES_ERROR;
				CLANG_WARN_DOCUMENTATION_COMMENTS = YES;
				CLANG_WARN_EMPTY_BODY = YES;
				CLANG_WARN_ENUM_CONVERSION = YES;
				CLANG_WARN_INFINITE_RECURSION = YES;
				CLANG_WARN_INT_CONVERSION = YES;
				CLANG_WARN_NON_LITERAL_NULL_CONVERSION = YES;
				CLANG_WARN_OBJC_IMPLICIT_RETAIN_SELF = YES;
				CLANG_WARN_OBJC_LITERAL_CONVERSION = YES;
				CLANG_WARN_OBJC_ROOT_CLASS = YES_ERROR;
				CLANG_WARN_QUOTED_INCLUDE_IN_FRAMEWORK_HEADER = YES;
				CLANG_WARN_RANGE_LOOP_ANALYSIS = YES;
				CLANG_WARN_STRICT_PROTOTYPES = YES;
				CLANG_WARN_SUSPICIOUS_MOVE = YES;
				CLANG_WARN_UNGUARDED_AVAILABILITY = YES_AGGRESSIVE;
				CLANG_WARN_UNREACHABLE_CODE = YES;
				CLANG_WARN__DUPLICATE_METHOD_MATCH = YES;
				COPY_PHASE_STRIP = NO;
				DEBUG_INFORMATION_FORMAT = "dwarf-with-dsym";
				ENABLE_NS_ASSERTIONS = NO;
				ENABLE_STRICT_OBJC_MSGSEND = YES;
				GCC_C_LANGUAGE_STANDARD = gnu11;
				GCC_NO_COMMON_BLOCKS = YES;
				GCC_WARN_64_TO_32_BIT_CONVERSION = YES;
				GCC_WARN_ABOUT_RETURN_TYPE = YES_ERROR;
				GCC_WARN_UNDECLARED_SELECTOR = YES;
				GCC_WARN_UNINITIALIZED_AUTOS = YES_AGGRESSIVE;
				GCC_WARN_UNUSED_FUNCTION = YES;
				GCC_WARN_UNUSED_VARIABLE = YES;
				IPHONEOS_DEPLOYMENT_TARGET = 16.2;
				MTL_ENABLE_DEBUG_INFO = NO;
				MTL_FAST_MATH = YES;
				SDKROOT = iphoneos;
				SWIFT_COMPILATION_MODE = wholemodule;
				SWIFT_OPTIMIZATION_LEVEL = "-O";
				VALIDATE_PRODUCT = YES;
			};
			name = Release;
		};
		CAC276E029E5E572006BF348 /* Debug */ = {
			isa = XCBuildConfiguration;
			buildSettings = {
				ASSETCATALOG_COMPILER_APPICON_NAME = AppIcon;
				ASSETCATALOG_COMPILER_GLOBAL_ACCENT_COLOR_NAME = AccentColor;
				CODE_SIGN_STYLE = Automatic;
				CURRENT_PROJECT_VERSION = 1;
				DEVELOPMENT_TEAM = WB3Y8FF57H;
				GENERATE_INFOPLIST_FILE = YES;
				INFOPLIST_FILE = PokemonApplication/Info.plist;
				INFOPLIST_KEY_UIApplicationSupportsIndirectInputEvents = YES;
				INFOPLIST_KEY_UILaunchStoryboardName = LaunchScreen;
				INFOPLIST_KEY_UIMainStoryboardFile = Main;
				INFOPLIST_KEY_UISupportedInterfaceOrientations_iPad = "UIInterfaceOrientationPortrait UIInterfaceOrientationPortraitUpsideDown UIInterfaceOrientationLandscapeLeft UIInterfaceOrientationLandscapeRight";
				INFOPLIST_KEY_UISupportedInterfaceOrientations_iPhone = "UIInterfaceOrientationPortrait UIInterfaceOrientationLandscapeLeft UIInterfaceOrientationLandscapeRight";
				LD_RUNPATH_SEARCH_PATHS = (
					"$(inherited)",
					"@executable_path/Frameworks",
				);
				MARKETING_VERSION = 1.0;
				PRODUCT_BUNDLE_IDENTIFIER = yuliasimanavets.PokemonApplication;
				PRODUCT_NAME = "$(TARGET_NAME)";
				SWIFT_EMIT_LOC_STRINGS = YES;
				SWIFT_VERSION = 5.0;
				TARGETED_DEVICE_FAMILY = "1,2";
			};
			name = Debug;
		};
		CAC276E129E5E572006BF348 /* Release */ = {
			isa = XCBuildConfiguration;
			buildSettings = {
				ASSETCATALOG_COMPILER_APPICON_NAME = AppIcon;
				ASSETCATALOG_COMPILER_GLOBAL_ACCENT_COLOR_NAME = AccentColor;
				CODE_SIGN_STYLE = Automatic;
				CURRENT_PROJECT_VERSION = 1;
				DEVELOPMENT_TEAM = WB3Y8FF57H;
				GENERATE_INFOPLIST_FILE = YES;
				INFOPLIST_FILE = PokemonApplication/Info.plist;
				INFOPLIST_KEY_UIApplicationSupportsIndirectInputEvents = YES;
				INFOPLIST_KEY_UILaunchStoryboardName = LaunchScreen;
				INFOPLIST_KEY_UIMainStoryboardFile = Main;
				INFOPLIST_KEY_UISupportedInterfaceOrientations_iPad = "UIInterfaceOrientationPortrait UIInterfaceOrientationPortraitUpsideDown UIInterfaceOrientationLandscapeLeft UIInterfaceOrientationLandscapeRight";
				INFOPLIST_KEY_UISupportedInterfaceOrientations_iPhone = "UIInterfaceOrientationPortrait UIInterfaceOrientationLandscapeLeft UIInterfaceOrientationLandscapeRight";
				LD_RUNPATH_SEARCH_PATHS = (
					"$(inherited)",
					"@executable_path/Frameworks",
				);
				MARKETING_VERSION = 1.0;
				PRODUCT_BUNDLE_IDENTIFIER = yuliasimanavets.PokemonApplication;
				PRODUCT_NAME = "$(TARGET_NAME)";
				SWIFT_EMIT_LOC_STRINGS = YES;
				SWIFT_VERSION = 5.0;
				TARGETED_DEVICE_FAMILY = "1,2";
			};
			name = Release;
		};
		CAC276E329E5E572006BF348 /* Debug */ = {
			isa = XCBuildConfiguration;
			buildSettings = {
				ALWAYS_EMBED_SWIFT_STANDARD_LIBRARIES = YES;
				BUNDLE_LOADER = "$(TEST_HOST)";
				CODE_SIGN_STYLE = Automatic;
				CURRENT_PROJECT_VERSION = 1;
				DEVELOPMENT_TEAM = WB3Y8FF57H;
				GENERATE_INFOPLIST_FILE = YES;
				IPHONEOS_DEPLOYMENT_TARGET = 16.2;
				MARKETING_VERSION = 1.0;
				PRODUCT_BUNDLE_IDENTIFIER = yuliasimanavets.PokemonApplicationTests;
				PRODUCT_NAME = "$(TARGET_NAME)";
				SWIFT_EMIT_LOC_STRINGS = NO;
				SWIFT_VERSION = 5.0;
				TARGETED_DEVICE_FAMILY = "1,2";
				TEST_HOST = "$(BUILT_PRODUCTS_DIR)/PokemonApplication.app/$(BUNDLE_EXECUTABLE_FOLDER_PATH)/PokemonApplication";
			};
			name = Debug;
		};
		CAC276E429E5E572006BF348 /* Release */ = {
			isa = XCBuildConfiguration;
			buildSettings = {
				ALWAYS_EMBED_SWIFT_STANDARD_LIBRARIES = YES;
				BUNDLE_LOADER = "$(TEST_HOST)";
				CODE_SIGN_STYLE = Automatic;
				CURRENT_PROJECT_VERSION = 1;
				DEVELOPMENT_TEAM = WB3Y8FF57H;
				GENERATE_INFOPLIST_FILE = YES;
				IPHONEOS_DEPLOYMENT_TARGET = 16.2;
				MARKETING_VERSION = 1.0;
				PRODUCT_BUNDLE_IDENTIFIER = yuliasimanavets.PokemonApplicationTests;
				PRODUCT_NAME = "$(TARGET_NAME)";
				SWIFT_EMIT_LOC_STRINGS = NO;
				SWIFT_VERSION = 5.0;
				TARGETED_DEVICE_FAMILY = "1,2";
				TEST_HOST = "$(BUILT_PRODUCTS_DIR)/PokemonApplication.app/$(BUNDLE_EXECUTABLE_FOLDER_PATH)/PokemonApplication";
			};
			name = Release;
		};
		CAC276E629E5E572006BF348 /* Debug */ = {
			isa = XCBuildConfiguration;
			buildSettings = {
				ALWAYS_EMBED_SWIFT_STANDARD_LIBRARIES = YES;
				CODE_SIGN_STYLE = Automatic;
				CURRENT_PROJECT_VERSION = 1;
				DEVELOPMENT_TEAM = WB3Y8FF57H;
				GENERATE_INFOPLIST_FILE = YES;
				MARKETING_VERSION = 1.0;
				PRODUCT_BUNDLE_IDENTIFIER = yuliasimanavets.PokemonApplicationUITests;
				PRODUCT_NAME = "$(TARGET_NAME)";
				SWIFT_EMIT_LOC_STRINGS = NO;
				SWIFT_VERSION = 5.0;
				TARGETED_DEVICE_FAMILY = "1,2";
				TEST_TARGET_NAME = PokemonApplication;
			};
			name = Debug;
		};
		CAC276E729E5E572006BF348 /* Release */ = {
			isa = XCBuildConfiguration;
			buildSettings = {
				ALWAYS_EMBED_SWIFT_STANDARD_LIBRARIES = YES;
				CODE_SIGN_STYLE = Automatic;
				CURRENT_PROJECT_VERSION = 1;
				DEVELOPMENT_TEAM = WB3Y8FF57H;
				GENERATE_INFOPLIST_FILE = YES;
				MARKETING_VERSION = 1.0;
				PRODUCT_BUNDLE_IDENTIFIER = yuliasimanavets.PokemonApplicationUITests;
				PRODUCT_NAME = "$(TARGET_NAME)";
				SWIFT_EMIT_LOC_STRINGS = NO;
				SWIFT_VERSION = 5.0;
				TARGETED_DEVICE_FAMILY = "1,2";
				TEST_TARGET_NAME = PokemonApplication;
			};
			name = Release;
		};
/* End XCBuildConfiguration section */

/* Begin XCConfigurationList section */
		CAC276B029E5E571006BF348 /* Build configuration list for PBXProject "PokemonApplication" */ = {
			isa = XCConfigurationList;
			buildConfigurations = (
				CAC276DD29E5E572006BF348 /* Debug */,
				CAC276DE29E5E572006BF348 /* Release */,
			);
			defaultConfigurationIsVisible = 0;
			defaultConfigurationName = Release;
		};
		CAC276DF29E5E572006BF348 /* Build configuration list for PBXNativeTarget "PokemonApplication" */ = {
			isa = XCConfigurationList;
			buildConfigurations = (
				CAC276E029E5E572006BF348 /* Debug */,
				CAC276E129E5E572006BF348 /* Release */,
			);
			defaultConfigurationIsVisible = 0;
			defaultConfigurationName = Release;
		};
		CAC276E229E5E572006BF348 /* Build configuration list for PBXNativeTarget "PokemonApplicationTests" */ = {
			isa = XCConfigurationList;
			buildConfigurations = (
				CAC276E329E5E572006BF348 /* Debug */,
				CAC276E429E5E572006BF348 /* Release */,
			);
			defaultConfigurationIsVisible = 0;
			defaultConfigurationName = Release;
		};
		CAC276E529E5E572006BF348 /* Build configuration list for PBXNativeTarget "PokemonApplicationUITests" */ = {
			isa = XCConfigurationList;
			buildConfigurations = (
				CAC276E629E5E572006BF348 /* Debug */,
				CAC276E729E5E572006BF348 /* Release */,
			);
			defaultConfigurationIsVisible = 0;
			defaultConfigurationName = Release;
		};
/* End XCConfigurationList section */
	};
	rootObject = CAC276AD29E5E571006BF348 /* Project object */;
}
